
Microsoft Visual Studio Solution File, Format Version 12.00
# Visual Studio Version 16
VisualStudioVersion = 16.0.30114.105
MinimumVisualStudioVersion = 10.0.40219.1
Project("{FAE04EC0-301F-11D3-BF4B-00C04F79EFBC}") = "API", "API\API.csproj", "{190E84AD-349E-426B-B205-5977562D8BBC}"
EndProject
Global
	GlobalSection(SolutionConfigurationPlatforms) = preSolution
		Debug|Any CPU = Debug|Any CPU
		Release|Any CPU = Release|Any CPU
	EndGlobalSection
	GlobalSection(SolutionProperties) = preSolution
		HideSolutionNode = FALSE
	EndGlobalSection
	GlobalSection(ProjectConfigurationPlatforms) = postSolution
		{190E84AD-349E-426B-B205-5977562D8BBC}.Debug|Any CPU.ActiveCfg = Debug|Any CPU
		{190E84AD-349E-426B-B205-5977562D8BBC}.Debug|Any CPU.Build.0 = Debug|Any CPU
		{190E84AD-349E-426B-B205-5977562D8BBC}.Release|Any CPU.ActiveCfg = Release|Any CPU
		{190E84AD-349E-426B-B205-5977562D8BBC}.Release|Any CPU.Build.0 = Release|Any CPU
	EndGlobalSection
EndGlobal
